
Microsoft Visual Studio Solution File, Format Version 12.00
# Visual Studio Version 17
VisualStudioVersion = 17.11.35312.102
MinimumVisualStudioVersion = 10.0.40219.1
Project("{8BC9CEB8-8B4A-11D0-8D11-00A0C91BC942}") = "QCloudDisk", "QCloudDisk.vcxproj", "{3C3E4C4B-1FF0-4BE8-894E-801740711FF3}"
EndProject
Global
	GlobalSection(SolutionConfigurationPlatforms) = preSolution
		Debug|x64 = Debug|x64
		Release|x64 = Release|x64
	EndGlobalSection
	GlobalSection(ProjectConfigurationPlatforms) = postSolution
		{3C3E4C4B-1FF0-4BE8-894E-801740711FF3}.Debug|x64.ActiveCfg = Debug|x64
		{3C3E4C4B-1FF0-4BE8-894E-801740711FF3}.Debug|x64.Build.0 = Debug|x64
		{3C3E4C4B-1FF0-4BE8-894E-801740711FF3}.Release|x64.ActiveCfg = Release|x64
		{3C3E4C4B-1FF0-4BE8-894E-801740711FF3}.Release|x64.Build.0 = Release|x64
	EndGlobalSection
	GlobalSection(SolutionProperties) = preSolution
		HideSolutionNode = FALSE
	EndGlobalSection
	GlobalSection(ExtensibilityGlobals) = postSolution
		SolutionGuid = {D8822584-1512-4037-9A6E-113A3FA6BDD5}
	EndGlobalSection
EndGlobal
